
Microsoft Visual Studio Solution File, Format Version 12.00
# Visual Studio Version 17
VisualStudioVersion = 17.0.32112.339
MinimumVisualStudioVersion = 10.0.40219.1
Project("{9A19103F-16F7-4668-BE54-9A1E7A4F7556}") = "webapi", "webapi\webapi.csproj", "{DB3875C5-3F48-44A0-9718-8408CCC2CDB8}"
EndProject
Project("{9A19103F-16F7-4668-BE54-9A1E7A4F7556}") = "TestFixture", "TestFixture\TestFixture.csproj", "{A0FE3809-4CB9-4194-B2A7-75E6828741D8}"
EndProject
Project("{FAE04EC0-301F-11D3-BF4B-00C04F79EFBC}") = "webapi.test", "webapi.test\webapi.test.csproj", "{BCDC69A5-53AE-410A-8075-FCACAC91C76C}"
EndProject
Global
	GlobalSection(SolutionConfigurationPlatforms) = preSolution
		Debug|Any CPU = Debug|Any CPU
		Release|Any CPU = Release|Any CPU
	EndGlobalSection
	GlobalSection(ProjectConfigurationPlatforms) = postSolution
		{DB3875C5-3F48-44A0-9718-8408CCC2CDB8}.Debug|Any CPU.ActiveCfg = Debug|Any CPU
		{DB3875C5-3F48-44A0-9718-8408CCC2CDB8}.Debug|Any CPU.Build.0 = Debug|Any CPU
		{DB3875C5-3F48-44A0-9718-8408CCC2CDB8}.Release|Any CPU.ActiveCfg = Release|Any CPU
		{DB3875C5-3F48-44A0-9718-8408CCC2CDB8}.Release|Any CPU.Build.0 = Release|Any CPU
		{A0FE3809-4CB9-4194-B2A7-75E6828741D8}.Debug|Any CPU.ActiveCfg = Debug|Any CPU
		{A0FE3809-4CB9-4194-B2A7-75E6828741D8}.Debug|Any CPU.Build.0 = Debug|Any CPU
		{A0FE3809-4CB9-4194-B2A7-75E6828741D8}.Release|Any CPU.ActiveCfg = Release|Any CPU
		{A0FE3809-4CB9-4194-B2A7-75E6828741D8}.Release|Any CPU.Build.0 = Release|Any CPU
		{BCDC69A5-53AE-410A-8075-FCACAC91C76C}.Debug|Any CPU.ActiveCfg = Debug|Any CPU
		{BCDC69A5-53AE-410A-8075-FCACAC91C76C}.Debug|Any CPU.Build.0 = Debug|Any CPU
		{BCDC69A5-53AE-410A-8075-FCACAC91C76C}.Release|Any CPU.ActiveCfg = Release|Any CPU
		{BCDC69A5-53AE-410A-8075-FCACAC91C76C}.Release|Any CPU.Build.0 = Release|Any CPU
	EndGlobalSection
	GlobalSection(SolutionProperties) = preSolution
		HideSolutionNode = FALSE
	EndGlobalSection
	GlobalSection(ExtensibilityGlobals) = postSolution
		SolutionGuid = {7C198F05-CB4F-465F-B8A0-485BEDF93C2F}
	EndGlobalSection
EndGlobal
